// !$*UTF8*$!
{
	archiveVersion = 1;
	classes = {
	};
	objectVersion = 46;
	objects = {

/* Begin PBXBuildFile section */
		6AA54B901E3D596400E53CA2 /* AppDelegate.swift in Sources */ = {isa = PBXBuildFile; fileRef = 6AA54B8F1E3D596400E53CA2 /* AppDelegate.swift */; };
		6AA54B921E3D596400E53CA2 /* GameScene.sks in Resources */ = {isa = PBXBuildFile; fileRef = 6AA54B911E3D596400E53CA2 /* GameScene.sks */; };
		6AA54B941E3D596400E53CA2 /* Actions.sks in Resources */ = {isa = PBXBuildFile; fileRef = 6AA54B931E3D596400E53CA2 /* Actions.sks */; };
		6AA54B961E3D596400E53CA2 /* GameScene.swift in Sources */ = {isa = PBXBuildFile; fileRef = 6AA54B951E3D596400E53CA2 /* GameScene.swift */; };
		6AA54B981E3D596400E53CA2 /* GameViewController.swift in Sources */ = {isa = PBXBuildFile; fileRef = 6AA54B971E3D596400E53CA2 /* GameViewController.swift */; };
		6AA54B9B1E3D596400E53CA2 /* Main.storyboard in Resources */ = {isa = PBXBuildFile; fileRef = 6AA54B991E3D596400E53CA2 /* Main.storyboard */; };
		6AA54B9D1E3D596400E53CA2 /* Assets.xcassets in Resources */ = {isa = PBXBuildFile; fileRef = 6AA54B9C1E3D596400E53CA2 /* Assets.xcassets */; };
		6AA54BA01E3D596400E53CA2 /* LaunchScreen.storyboard in Resources */ = {isa = PBXBuildFile; fileRef = 6AA54B9E1E3D596400E53CA2 /* LaunchScreen.storyboard */; };
		6AA54BAB1E3D596400E53CA2 /* Acorn_ItTests.swift in Sources */ = {isa = PBXBuildFile; fileRef = 6AA54BAA1E3D596400E53CA2 /* Acorn_ItTests.swift */; };
		6AA54BB61E3D596400E53CA2 /* Acorn_ItUITests.swift in Sources */ = {isa = PBXBuildFile; fileRef = 6AA54BB51E3D596400E53CA2 /* Acorn_ItUITests.swift */; };
		6AE020281E3D7E3200F02FB7 /* squirrel_fall.atlas in Resources */ = {isa = PBXBuildFile; fileRef = 6AE020241E3D7E3200F02FB7 /* squirrel_fall.atlas */; };
		6AE020291E3D7E3200F02FB7 /* squirrel_idle.atlas in Resources */ = {isa = PBXBuildFile; fileRef = 6AE020251E3D7E3200F02FB7 /* squirrel_idle.atlas */; };
		6AE0202A1E3D7E3200F02FB7 /* squirrel_jump.atlas in Resources */ = {isa = PBXBuildFile; fileRef = 6AE020261E3D7E3200F02FB7 /* squirrel_jump.atlas */; };
		6AE0202B1E3D7E3200F02FB7 /* squirrel_run.atlas in Resources */ = {isa = PBXBuildFile; fileRef = 6AE020271E3D7E3200F02FB7 /* squirrel_run.atlas */; };
		6AE020351E3D7E8700F02FB7 /* game_background1.png in Resources */ = {isa = PBXBuildFile; fileRef = 6AE0202C1E3D7E8700F02FB7 /* game_background1.png */; };
		6AE020361E3D7E8700F02FB7 /* game_background1@2x.png in Resources */ = {isa = PBXBuildFile; fileRef = 6AE0202D1E3D7E8700F02FB7 /* game_background1@2x.png */; };
		6AE020371E3D7E8700F02FB7 /* game_background1@3x.png in Resources */ = {isa = PBXBuildFile; fileRef = 6AE0202E1E3D7E8700F02FB7 /* game_background1@3x.png */; };
		6AE020381E3D7E8700F02FB7 /* game_background2.png in Resources */ = {isa = PBXBuildFile; fileRef = 6AE0202F1E3D7E8700F02FB7 /* game_background2.png */; };
		6AE020391E3D7E8700F02FB7 /* game_background2@2x.png in Resources */ = {isa = PBXBuildFile; fileRef = 6AE020301E3D7E8700F02FB7 /* game_background2@2x.png */; };
		6AE0203A1E3D7E8700F02FB7 /* game_background2@3x.png in Resources */ = {isa = PBXBuildFile; fileRef = 6AE020311E3D7E8700F02FB7 /* game_background2@3x.png */; };
		6AE0203B1E3D7E8700F02FB7 /* game_background3.png in Resources */ = {isa = PBXBuildFile; fileRef = 6AE020321E3D7E8700F02FB7 /* game_background3.png */; };
		6AE0203C1E3D7E8700F02FB7 /* game_background3@2x.png in Resources */ = {isa = PBXBuildFile; fileRef = 6AE020331E3D7E8700F02FB7 /* game_background3@2x.png */; };
		6AE0203D1E3D7E8700F02FB7 /* game_background3@3x.png in Resources */ = {isa = PBXBuildFile; fileRef = 6AE020341E3D7E8700F02FB7 /* game_background3@3x.png */; };
/* End PBXBuildFile section */

/* Begin PBXContainerItemProxy section */
		6AA54BA71E3D596400E53CA2 /* PBXContainerItemProxy */ = {
			isa = PBXContainerItemProxy;
			containerPortal = 6AA54B841E3D596300E53CA2 /* Project object */;
			proxyType = 1;
			remoteGlobalIDString = 6AA54B8B1E3D596300E53CA2;
			remoteInfo = "Acorn It";
		};
		6AA54BB21E3D596400E53CA2 /* PBXContainerItemProxy */ = {
			isa = PBXContainerItemProxy;
			containerPortal = 6AA54B841E3D596300E53CA2 /* Project object */;
			proxyType = 1;
			remoteGlobalIDString = 6AA54B8B1E3D596300E53CA2;
			remoteInfo = "Acorn It";
		};
/* End PBXContainerItemProxy section */

/* Begin PBXFileReference section */
		6AA54B8C1E3D596400E53CA2 /* Acorn It.app */ = {isa = PBXFileReference; explicitFileType = wrapper.application; includeInIndex = 0; path = "Acorn It.app"; sourceTree = BUILT_PRODUCTS_DIR; };
		6AA54B8F1E3D596400E53CA2 /* AppDelegate.swift */ = {isa = PBXFileReference; lastKnownFileType = sourcecode.swift; path = AppDelegate.swift; sourceTree = "<group>"; };
		6AA54B911E3D596400E53CA2 /* GameScene.sks */ = {isa = PBXFileReference; lastKnownFileType = file.sks; path = GameScene.sks; sourceTree = "<group>"; };
		6AA54B931E3D596400E53CA2 /* Actions.sks */ = {isa = PBXFileReference; lastKnownFileType = file.sks; path = Actions.sks; sourceTree = "<group>"; };
		6AA54B951E3D596400E53CA2 /* GameScene.swift */ = {isa = PBXFileReference; lastKnownFileType = sourcecode.swift; path = GameScene.swift; sourceTree = "<group>"; };
		6AA54B971E3D596400E53CA2 /* GameViewController.swift */ = {isa = PBXFileReference; lastKnownFileType = sourcecode.swift; path = GameViewController.swift; sourceTree = "<group>"; };
		6AA54B9A1E3D596400E53CA2 /* Base */ = {isa = PBXFileReference; lastKnownFileType = file.storyboard; name = Base; path = Base.lproj/Main.storyboard; sourceTree = "<group>"; };
		6AA54B9C1E3D596400E53CA2 /* Assets.xcassets */ = {isa = PBXFileReference; lastKnownFileType = folder.assetcatalog; path = Assets.xcassets; sourceTree = "<group>"; };
		6AA54B9F1E3D596400E53CA2 /* Base */ = {isa = PBXFileReference; lastKnownFileType = file.storyboard; name = Base; path = Base.lproj/LaunchScreen.storyboard; sourceTree = "<group>"; };
		6AA54BA11E3D596400E53CA2 /* Info.plist */ = {isa = PBXFileReference; lastKnownFileType = text.plist.xml; path = Info.plist; sourceTree = "<group>"; };
		6AA54BA61E3D596400E53CA2 /* Acorn ItTests.xctest */ = {isa = PBXFileReference; explicitFileType = wrapper.cfbundle; includeInIndex = 0; path = "Acorn ItTests.xctest"; sourceTree = BUILT_PRODUCTS_DIR; };
		6AA54BAA1E3D596400E53CA2 /* Acorn_ItTests.swift */ = {isa = PBXFileReference; lastKnownFileType = sourcecode.swift; path = Acorn_ItTests.swift; sourceTree = "<group>"; };
		6AA54BAC1E3D596400E53CA2 /* Info.plist */ = {isa = PBXFileReference; lastKnownFileType = text.plist.xml; path = Info.plist; sourceTree = "<group>"; };
		6AA54BB11E3D596400E53CA2 /* Acorn ItUITests.xctest */ = {isa = PBXFileReference; explicitFileType = wrapper.cfbundle; includeInIndex = 0; path = "Acorn ItUITests.xctest"; sourceTree = BUILT_PRODUCTS_DIR; };
		6AA54BB51E3D596400E53CA2 /* Acorn_ItUITests.swift */ = {isa = PBXFileReference; lastKnownFileType = sourcecode.swift; path = Acorn_ItUITests.swift; sourceTree = "<group>"; };
		6AA54BB71E3D596400E53CA2 /* Info.plist */ = {isa = PBXFileReference; lastKnownFileType = text.plist.xml; path = Info.plist; sourceTree = "<group>"; };
		6AE020241E3D7E3200F02FB7 /* squirrel_fall.atlas */ = {isa = PBXFileReference; lastKnownFileType = folder.skatlas; path = squirrel_fall.atlas; sourceTree = "<group>"; };
		6AE020251E3D7E3200F02FB7 /* squirrel_idle.atlas */ = {isa = PBXFileReference; lastKnownFileType = folder.skatlas; path = squirrel_idle.atlas; sourceTree = "<group>"; };
		6AE020261E3D7E3200F02FB7 /* squirrel_jump.atlas */ = {isa = PBXFileReference; lastKnownFileType = folder.skatlas; path = squirrel_jump.atlas; sourceTree = "<group>"; };
		6AE020271E3D7E3200F02FB7 /* squirrel_run.atlas */ = {isa = PBXFileReference; lastKnownFileType = folder.skatlas; path = squirrel_run.atlas; sourceTree = "<group>"; };
		6AE0202C1E3D7E8700F02FB7 /* game_background1.png */ = {isa = PBXFileReference; lastKnownFileType = image.png; path = game_background1.png; sourceTree = "<group>"; };
		6AE0202D1E3D7E8700F02FB7 /* game_background1@2x.png */ = {isa = PBXFileReference; lastKnownFileType = image.png; path = "game_background1@2x.png"; sourceTree = "<group>"; };
		6AE0202E1E3D7E8700F02FB7 /* game_background1@3x.png */ = {isa = PBXFileReference; lastKnownFileType = image.png; path = "game_background1@3x.png"; sourceTree = "<group>"; };
		6AE0202F1E3D7E8700F02FB7 /* game_background2.png */ = {isa = PBXFileReference; lastKnownFileType = image.png; path = game_background2.png; sourceTree = "<group>"; };
		6AE020301E3D7E8700F02FB7 /* game_background2@2x.png */ = {isa = PBXFileReference; lastKnownFileType = image.png; path = "game_background2@2x.png"; sourceTree = "<group>"; };
		6AE020311E3D7E8700F02FB7 /* game_background2@3x.png */ = {isa = PBXFileReference; lastKnownFileType = image.png; path = "game_background2@3x.png"; sourceTree = "<group>"; };
		6AE020321E3D7E8700F02FB7 /* game_background3.png */ = {isa = PBXFileReference; lastKnownFileType = image.png; path = game_background3.png; sourceTree = "<group>"; };
		6AE020331E3D7E8700F02FB7 /* game_background3@2x.png */ = {isa = PBXFileReference; lastKnownFileType = image.png; path = "game_background3@2x.png"; sourceTree = "<group>"; };
		6AE020341E3D7E8700F02FB7 /* game_background3@3x.png */ = {isa = PBXFileReference; lastKnownFileType = image.png; path = "game_background3@3x.png"; sourceTree = "<group>"; };
/* End PBXFileReference section */

/* Begin PBXFrameworksBuildPhase section */
		6AA54B891E3D596300E53CA2 /* Frameworks */ = {
			isa = PBXFrameworksBuildPhase;
			buildActionMask = 2147483647;
			files = (
			);
			runOnlyForDeploymentPostprocessing = 0;
		};
		6AA54BA31E3D596400E53CA2 /* Frameworks */ = {
			isa = PBXFrameworksBuildPhase;
			buildActionMask = 2147483647;
			files = (
			);
			runOnlyForDeploymentPostprocessing = 0;
		};
		6AA54BAE1E3D596400E53CA2 /* Frameworks */ = {
			isa = PBXFrameworksBuildPhase;
			buildActionMask = 2147483647;
			files = (
			);
			runOnlyForDeploymentPostprocessing = 0;
		};
/* End PBXFrameworksBuildPhase section */

/* Begin PBXGroup section */
		6AA54B831E3D596300E53CA2 = {
			isa = PBXGroup;
			children = (
				6AE01FFB1E3D5CBB00F02FB7 /* Assets */,
				6AA54B8E1E3D596400E53CA2 /* Acorn It */,
				6AA54BA91E3D596400E53CA2 /* Acorn ItTests */,
				6AA54BB41E3D596400E53CA2 /* Acorn ItUITests */,
				6AA54B8D1E3D596400E53CA2 /* Products */,
			);
			sourceTree = "<group>";
		};
		6AA54B8D1E3D596400E53CA2 /* Products */ = {
			isa = PBXGroup;
			children = (
				6AA54B8C1E3D596400E53CA2 /* Acorn It.app */,
				6AA54BA61E3D596400E53CA2 /* Acorn ItTests.xctest */,
				6AA54BB11E3D596400E53CA2 /* Acorn ItUITests.xctest */,
			);
			name = Products;
			sourceTree = "<group>";
		};
		6AA54B8E1E3D596400E53CA2 /* Acorn It */ = {
			isa = PBXGroup;
			children = (
				6AA54B8F1E3D596400E53CA2 /* AppDelegate.swift */,
				6AA54B911E3D596400E53CA2 /* GameScene.sks */,
				6AA54B931E3D596400E53CA2 /* Actions.sks */,
				6AA54B951E3D596400E53CA2 /* GameScene.swift */,
				6AA54B971E3D596400E53CA2 /* GameViewController.swift */,
				6AA54B991E3D596400E53CA2 /* Main.storyboard */,
				6AA54B9C1E3D596400E53CA2 /* Assets.xcassets */,
				6AA54B9E1E3D596400E53CA2 /* LaunchScreen.storyboard */,
				6AA54BA11E3D596400E53CA2 /* Info.plist */,
			);
			path = "Acorn It";
			sourceTree = "<group>";
		};
		6AA54BA91E3D596400E53CA2 /* Acorn ItTests */ = {
			isa = PBXGroup;
			children = (
				6AA54BAA1E3D596400E53CA2 /* Acorn_ItTests.swift */,
				6AA54BAC1E3D596400E53CA2 /* Info.plist */,
			);
			path = "Acorn ItTests";
			sourceTree = "<group>";
		};
		6AA54BB41E3D596400E53CA2 /* Acorn ItUITests */ = {
			isa = PBXGroup;
			children = (
				6AA54BB51E3D596400E53CA2 /* Acorn_ItUITests.swift */,
				6AA54BB71E3D596400E53CA2 /* Info.plist */,
			);
			path = "Acorn ItUITests";
			sourceTree = "<group>";
		};
		6AE01FFB1E3D5CBB00F02FB7 /* Assets */ = {
			isa = PBXGroup;
			children = (
				6AE020101E3D742B00F02FB7 /* Images */,
			);
			name = Assets;
			path = "Acorn It";
			sourceTree = "<group>";
		};
		6AE01FFC1E3D5CF100F02FB7 /* Squirrel */ = {
			isa = PBXGroup;
			children = (
				6AE020241E3D7E3200F02FB7 /* squirrel_fall.atlas */,
				6AE020251E3D7E3200F02FB7 /* squirrel_idle.atlas */,
				6AE020261E3D7E3200F02FB7 /* squirrel_jump.atlas */,
				6AE020271E3D7E3200F02FB7 /* squirrel_run.atlas */,
			);
			name = Squirrel;
			sourceTree = "<group>";
		};
		6AE020101E3D742B00F02FB7 /* Images */ = {
			isa = PBXGroup;
			children = (
				6AE020111E3D743900F02FB7 /* Background */,
				6AE01FFC1E3D5CF100F02FB7 /* Squirrel */,
			);
			name = Images;
			sourceTree = "<group>";
		};
		6AE020111E3D743900F02FB7 /* Background */ = {
			isa = PBXGroup;
			children = (
				6AE0202C1E3D7E8700F02FB7 /* game_background1.png */,
				6AE0202D1E3D7E8700F02FB7 /* game_background1@2x.png */,
				6AE0202E1E3D7E8700F02FB7 /* game_background1@3x.png */,
				6AE0202F1E3D7E8700F02FB7 /* game_background2.png */,
				6AE020301E3D7E8700F02FB7 /* game_background2@2x.png */,
				6AE020311E3D7E8700F02FB7 /* game_background2@3x.png */,
				6AE020321E3D7E8700F02FB7 /* game_background3.png */,
				6AE020331E3D7E8700F02FB7 /* game_background3@2x.png */,
				6AE020341E3D7E8700F02FB7 /* game_background3@3x.png */,
			);
			name = Background;
			sourceTree = "<group>";
		};
/* End PBXGroup section */

/* Begin PBXNativeTarget section */
		6AA54B8B1E3D596300E53CA2 /* Acorn It */ = {
			isa = PBXNativeTarget;
			buildConfigurationList = 6AA54BBA1E3D596400E53CA2 /* Build configuration list for PBXNativeTarget "Acorn It" */;
			buildPhases = (
				6AA54B881E3D596300E53CA2 /* Sources */,
				6AA54B891E3D596300E53CA2 /* Frameworks */,
				6AA54B8A1E3D596300E53CA2 /* Resources */,
			);
			buildRules = (
			);
			dependencies = (
			);
			name = "Acorn It";
			productName = "Acorn It";
			productReference = 6AA54B8C1E3D596400E53CA2 /* Acorn It.app */;
			productType = "com.apple.product-type.application";
		};
		6AA54BA51E3D596400E53CA2 /* Acorn ItTests */ = {
			isa = PBXNativeTarget;
			buildConfigurationList = 6AA54BBD1E3D596400E53CA2 /* Build configuration list for PBXNativeTarget "Acorn ItTests" */;
			buildPhases = (
				6AA54BA21E3D596400E53CA2 /* Sources */,
				6AA54BA31E3D596400E53CA2 /* Frameworks */,
				6AA54BA41E3D596400E53CA2 /* Resources */,
			);
			buildRules = (
			);
			dependencies = (
				6AA54BA81E3D596400E53CA2 /* PBXTargetDependency */,
			);
			name = "Acorn ItTests";
			productName = "Acorn ItTests";
			productReference = 6AA54BA61E3D596400E53CA2 /* Acorn ItTests.xctest */;
			productType = "com.apple.product-type.bundle.unit-test";
		};
		6AA54BB01E3D596400E53CA2 /* Acorn ItUITests */ = {
			isa = PBXNativeTarget;
			buildConfigurationList = 6AA54BC01E3D596400E53CA2 /* Build configuration list for PBXNativeTarget "Acorn ItUITests" */;
			buildPhases = (
				6AA54BAD1E3D596400E53CA2 /* Sources */,
				6AA54BAE1E3D596400E53CA2 /* Frameworks */,
				6AA54BAF1E3D596400E53CA2 /* Resources */,
			);
			buildRules = (
			);
			dependencies = (
				6AA54BB31E3D596400E53CA2 /* PBXTargetDependency */,
			);
			name = "Acorn ItUITests";
			productName = "Acorn ItUITests";
			productReference = 6AA54BB11E3D596400E53CA2 /* Acorn ItUITests.xctest */;
			productType = "com.apple.product-type.bundle.ui-testing";
		};
/* End PBXNativeTarget section */

/* Begin PBXProject section */
		6AA54B841E3D596300E53CA2 /* Project object */ = {
			isa = PBXProject;
			attributes = {
				LastSwiftUpdateCheck = 0820;
				LastUpgradeCheck = 0820;
				ORGANIZATIONNAME = "The Fox Game Studio";
				TargetAttributes = {
					6AA54B8B1E3D596300E53CA2 = {
						CreatedOnToolsVersion = 8.2;
						DevelopmentTeam = DGH5JX25RJ;
						ProvisioningStyle = Automatic;
					};
					6AA54BA51E3D596400E53CA2 = {
						CreatedOnToolsVersion = 8.2;
						DevelopmentTeam = DGH5JX25RJ;
						ProvisioningStyle = Automatic;
						TestTargetID = 6AA54B8B1E3D596300E53CA2;
					};
					6AA54BB01E3D596400E53CA2 = {
						CreatedOnToolsVersion = 8.2;
						DevelopmentTeam = DGH5JX25RJ;
						ProvisioningStyle = Automatic;
						TestTargetID = 6AA54B8B1E3D596300E53CA2;
					};
				};
			};
			buildConfigurationList = 6AA54B871E3D596300E53CA2 /* Build configuration list for PBXProject "Acorn It" */;
			compatibilityVersion = "Xcode 3.2";
			developmentRegion = English;
			hasScannedForEncodings = 0;
			knownRegions = (
				en,
				Base,
			);
			mainGroup = 6AA54B831E3D596300E53CA2;
			productRefGroup = 6AA54B8D1E3D596400E53CA2 /* Products */;
			projectDirPath = "";
			projectRoot = "";
			targets = (
				6AA54B8B1E3D596300E53CA2 /* Acorn It */,
				6AA54BA51E3D596400E53CA2 /* Acorn ItTests */,
				6AA54BB01E3D596400E53CA2 /* Acorn ItUITests */,
			);
		};
/* End PBXProject section */

/* Begin PBXResourcesBuildPhase section */
		6AA54B8A1E3D596300E53CA2 /* Resources */ = {
			isa = PBXResourcesBuildPhase;
			buildActionMask = 2147483647;
			files = (
				6AE0202A1E3D7E3200F02FB7 /* squirrel_jump.atlas in Resources */,
				6AA54B9B1E3D596400E53CA2 /* Main.storyboard in Resources */,
				6AE020291E3D7E3200F02FB7 /* squirrel_idle.atlas in Resources */,
				6AE0203B1E3D7E8700F02FB7 /* game_background3.png in Resources */,
				6AA54B921E3D596400E53CA2 /* GameScene.sks in Resources */,
				6AA54B9D1E3D596400E53CA2 /* Assets.xcassets in Resources */,
				6AE020381E3D7E8700F02FB7 /* game_background2.png in Resources */,
				6AE020351E3D7E8700F02FB7 /* game_background1.png in Resources */,
				6AE020391E3D7E8700F02FB7 /* game_background2@2x.png in Resources */,
				6AE0203D1E3D7E8700F02FB7 /* game_background3@3x.png in Resources */,
				6AE020281E3D7E3200F02FB7 /* squirrel_fall.atlas in Resources */,
				6AE020371E3D7E8700F02FB7 /* game_background1@3x.png in Resources */,
				6AE0203C1E3D7E8700F02FB7 /* game_background3@2x.png in Resources */,
				6AE0202B1E3D7E3200F02FB7 /* squirrel_run.atlas in Resources */,
				6AA54BA01E3D596400E53CA2 /* LaunchScreen.storyboard in Resources */,
				6AE020361E3D7E8700F02FB7 /* game_background1@2x.png in Resources */,
				6AA54B941E3D596400E53CA2 /* Actions.sks in Resources */,
				6AE0203A1E3D7E8700F02FB7 /* game_background2@3x.png in Resources */,
			);
			runOnlyForDeploymentPostprocessing = 0;
		};
		6AA54BA41E3D596400E53CA2 /* Resources */ = {
			isa = PBXResourcesBuildPhase;
			buildActionMask = 2147483647;
			files = (
			);
			runOnlyForDeploymentPostprocessing = 0;
		};
		6AA54BAF1E3D596400E53CA2 /* Resources */ = {
			isa = PBXResourcesBuildPhase;
			buildActionMask = 2147483647;
			files = (
			);
			runOnlyForDeploymentPostprocessing = 0;
		};
/* End PBXResourcesBuildPhase section */

/* Begin PBXSourcesBuildPhase section */
		6AA54B881E3D596300E53CA2 /* Sources */ = {
			isa = PBXSourcesBuildPhase;
			buildActionMask = 2147483647;
			files = (
				6AA54B961E3D596400E53CA2 /* GameScene.swift in Sources */,
				6AA54B981E3D596400E53CA2 /* GameViewController.swift in Sources */,
				6AA54B901E3D596400E53CA2 /* AppDelegate.swift in Sources */,
			);
			runOnlyForDeploymentPostprocessing = 0;
		};
		6AA54BA21E3D596400E53CA2 /* Sources */ = {
			isa = PBXSourcesBuildPhase;
			buildActionMask = 2147483647;
			files = (
				6AA54BAB1E3D596400E53CA2 /* Acorn_ItTests.swift in Sources */,
			);
			runOnlyForDeploymentPostprocessing = 0;
		};
		6AA54BAD1E3D596400E53CA2 /* Sources */ = {
			isa = PBXSourcesBuildPhase;
			buildActionMask = 2147483647;
			files = (
				6AA54BB61E3D596400E53CA2 /* Acorn_ItUITests.swift in Sources */,
			);
			runOnlyForDeploymentPostprocessing = 0;
		};
/* End PBXSourcesBuildPhase section */

/* Begin PBXTargetDependency section */
		6AA54BA81E3D596400E53CA2 /* PBXTargetDependency */ = {
			isa = PBXTargetDependency;
			target = 6AA54B8B1E3D596300E53CA2 /* Acorn It */;
			targetProxy = 6AA54BA71E3D596400E53CA2 /* PBXContainerItemProxy */;
		};
		6AA54BB31E3D596400E53CA2 /* PBXTargetDependency */ = {
			isa = PBXTargetDependency;
			target = 6AA54B8B1E3D596300E53CA2 /* Acorn It */;
			targetProxy = 6AA54BB21E3D596400E53CA2 /* PBXContainerItemProxy */;
		};
/* End PBXTargetDependency section */

/* Begin PBXVariantGroup section */
		6AA54B991E3D596400E53CA2 /* Main.storyboard */ = {
			isa = PBXVariantGroup;
			children = (
				6AA54B9A1E3D596400E53CA2 /* Base */,
			);
			name = Main.storyboard;
			sourceTree = "<group>";
		};
		6AA54B9E1E3D596400E53CA2 /* LaunchScreen.storyboard */ = {
			isa = PBXVariantGroup;
			children = (
				6AA54B9F1E3D596400E53CA2 /* Base */,
			);
			name = LaunchScreen.storyboard;
			sourceTree = "<group>";
		};
/* End PBXVariantGroup section */

/* Begin XCBuildConfiguration section */
		6AA54BB81E3D596400E53CA2 /* Debug */ = {
			isa = XCBuildConfiguration;
			buildSettings = {
				ALWAYS_SEARCH_USER_PATHS = NO;
				CLANG_ANALYZER_NONNULL = YES;
				CLANG_CXX_LANGUAGE_STANDARD = "gnu++0x";
				CLANG_CXX_LIBRARY = "libc++";
				CLANG_ENABLE_MODULES = YES;
				CLANG_ENABLE_OBJC_ARC = YES;
				CLANG_WARN_BOOL_CONVERSION = YES;
				CLANG_WARN_CONSTANT_CONVERSION = YES;
				CLANG_WARN_DIRECT_OBJC_ISA_USAGE = YES_ERROR;
				CLANG_WARN_DOCUMENTATION_COMMENTS = YES;
				CLANG_WARN_EMPTY_BODY = YES;
				CLANG_WARN_ENUM_CONVERSION = YES;
				CLANG_WARN_INFINITE_RECURSION = YES;
				CLANG_WARN_INT_CONVERSION = YES;
				CLANG_WARN_OBJC_ROOT_CLASS = YES_ERROR;
				CLANG_WARN_SUSPICIOUS_MOVE = YES;
				CLANG_WARN_UNREACHABLE_CODE = YES;
				CLANG_WARN__DUPLICATE_METHOD_MATCH = YES;
				"CODE_SIGN_IDENTITY[sdk=iphoneos*]" = "iPhone Developer";
				COPY_PHASE_STRIP = NO;
				DEBUG_INFORMATION_FORMAT = dwarf;
				ENABLE_STRICT_OBJC_MSGSEND = YES;
				ENABLE_TESTABILITY = YES;
				GCC_C_LANGUAGE_STANDARD = gnu99;
				GCC_DYNAMIC_NO_PIC = NO;
				GCC_NO_COMMON_BLOCKS = YES;
				GCC_OPTIMIZATION_LEVEL = 0;
				GCC_PREPROCESSOR_DEFINITIONS = (
					"DEBUG=1",
					"$(inherited)",
				);
				GCC_WARN_64_TO_32_BIT_CONVERSION = YES;
				GCC_WARN_ABOUT_RETURN_TYPE = YES_ERROR;
				GCC_WARN_UNDECLARED_SELECTOR = YES;
				GCC_WARN_UNINITIALIZED_AUTOS = YES_AGGRESSIVE;
				GCC_WARN_UNUSED_FUNCTION = YES;
				GCC_WARN_UNUSED_VARIABLE = YES;
				IPHONEOS_DEPLOYMENT_TARGET = 10.2;
				MTL_ENABLE_DEBUG_INFO = YES;
				ONLY_ACTIVE_ARCH = YES;
				SDKROOT = iphoneos;
				SWIFT_ACTIVE_COMPILATION_CONDITIONS = DEBUG;
				SWIFT_OPTIMIZATION_LEVEL = "-Onone";
			};
			name = Debug;
		};
		6AA54BB91E3D596400E53CA2 /* Release */ = {
			isa = XCBuildConfiguration;
			buildSettings = {
				ALWAYS_SEARCH_USER_PATHS = NO;
				CLANG_ANALYZER_NONNULL = YES;
				CLANG_CXX_LANGUAGE_STANDARD = "gnu++0x";
				CLANG_CXX_LIBRARY = "libc++";
				CLANG_ENABLE_MODULES = YES;
				CLANG_ENABLE_OBJC_ARC = YES;
				CLANG_WARN_BOOL_CONVERSION = YES;
				CLANG_WARN_CONSTANT_CONVERSION = YES;
				CLANG_WARN_DIRECT_OBJC_ISA_USAGE = YES_ERROR;
				CLANG_WARN_DOCUMENTATION_COMMENTS = YES;
				CLANG_WARN_EMPTY_BODY = YES;
				CLANG_WARN_ENUM_CONVERSION = YES;
				CLANG_WARN_INFINITE_RECURSION = YES;
				CLANG_WARN_INT_CONVERSION = YES;
				CLANG_WARN_OBJC_ROOT_CLASS = YES_ERROR;
				CLANG_WARN_SUSPICIOUS_MOVE = YES;
				CLANG_WARN_UNREACHABLE_CODE = YES;
				CLANG_WARN__DUPLICATE_METHOD_MATCH = YES;
				"CODE_SIGN_IDENTITY[sdk=iphoneos*]" = "iPhone Developer";
				COPY_PHASE_STRIP = NO;
				DEBUG_INFORMATION_FORMAT = "dwarf-with-dsym";
				ENABLE_NS_ASSERTIONS = NO;
				ENABLE_STRICT_OBJC_MSGSEND = YES;
				GCC_C_LANGUAGE_STANDARD = gnu99;
				GCC_NO_COMMON_BLOCKS = YES;
				GCC_WARN_64_TO_32_BIT_CONVERSION = YES;
				GCC_WARN_ABOUT_RETURN_TYPE = YES_ERROR;
				GCC_WARN_UNDECLARED_SELECTOR = YES;
				GCC_WARN_UNINITIALIZED_AUTOS = YES_AGGRESSIVE;
				GCC_WARN_UNUSED_FUNCTION = YES;
				GCC_WARN_UNUSED_VARIABLE = YES;
				IPHONEOS_DEPLOYMENT_TARGET = 10.2;
				MTL_ENABLE_DEBUG_INFO = NO;
				SDKROOT = iphoneos;
				SWIFT_OPTIMIZATION_LEVEL = "-Owholemodule";
				VALIDATE_PRODUCT = YES;
			};
			name = Release;
		};
		6AA54BBB1E3D596400E53CA2 /* Debug */ = {
			isa = XCBuildConfiguration;
			buildSettings = {
				ASSETCATALOG_COMPILER_APPICON_NAME = AppIcon;
				DEVELOPMENT_TEAM = DGH5JX25RJ;
				INFOPLIST_FILE = "Acorn It/Info.plist";
				LD_RUNPATH_SEARCH_PATHS = "$(inherited) @executable_path/Frameworks";
				PRODUCT_BUNDLE_IDENTIFIER = "com.foxgamestudio.Acorn-It";
				PRODUCT_NAME = "$(TARGET_NAME)";
				SWIFT_VERSION = 3.0;
			};
			name = Debug;
		};
		6AA54BBC1E3D596400E53CA2 /* Release */ = {
			isa = XCBuildConfiguration;
			buildSettings = {
				ASSETCATALOG_COMPILER_APPICON_NAME = AppIcon;
				DEVELOPMENT_TEAM = DGH5JX25RJ;
				INFOPLIST_FILE = "Acorn It/Info.plist";
				LD_RUNPATH_SEARCH_PATHS = "$(inherited) @executable_path/Frameworks";
				PRODUCT_BUNDLE_IDENTIFIER = "com.foxgamestudio.Acorn-It";
				PRODUCT_NAME = "$(TARGET_NAME)";
				SWIFT_VERSION = 3.0;
			};
			name = Release;
		};
		6AA54BBE1E3D596400E53CA2 /* Debug */ = {
			isa = XCBuildConfiguration;
			buildSettings = {
				ALWAYS_EMBED_SWIFT_STANDARD_LIBRARIES = YES;
				BUNDLE_LOADER = "$(TEST_HOST)";
				DEVELOPMENT_TEAM = DGH5JX25RJ;
				INFOPLIST_FILE = "Acorn ItTests/Info.plist";
				LD_RUNPATH_SEARCH_PATHS = "$(inherited) @executable_path/Frameworks @loader_path/Frameworks";
				PRODUCT_BUNDLE_IDENTIFIER = "com.foxgamestudio.Acorn-ItTests";
				PRODUCT_NAME = "$(TARGET_NAME)";
				SWIFT_VERSION = 3.0;
				TEST_HOST = "$(BUILT_PRODUCTS_DIR)/Acorn It.app/Acorn It";
			};
			name = Debug;
		};
		6AA54BBF1E3D596400E53CA2 /* Release */ = {
			isa = XCBuildConfiguration;
			buildSettings = {
				ALWAYS_EMBED_SWIFT_STANDARD_LIBRARIES = YES;
				BUNDLE_LOADER = "$(TEST_HOST)";
				DEVELOPMENT_TEAM = DGH5JX25RJ;
				INFOPLIST_FILE = "Acorn ItTests/Info.plist";
				LD_RUNPATH_SEARCH_PATHS = "$(inherited) @executable_path/Frameworks @loader_path/Frameworks";
				PRODUCT_BUNDLE_IDENTIFIER = "com.foxgamestudio.Acorn-ItTests";
				PRODUCT_NAME = "$(TARGET_NAME)";
				SWIFT_VERSION = 3.0;
				TEST_HOST = "$(BUILT_PRODUCTS_DIR)/Acorn It.app/Acorn It";
			};
			name = Release;
		};
		6AA54BC11E3D596400E53CA2 /* Debug */ = {
			isa = XCBuildConfiguration;
			buildSettings = {
				ALWAYS_EMBED_SWIFT_STANDARD_LIBRARIES = YES;
				DEVELOPMENT_TEAM = DGH5JX25RJ;
				INFOPLIST_FILE = "Acorn ItUITests/Info.plist";
				LD_RUNPATH_SEARCH_PATHS = "$(inherited) @executable_path/Frameworks @loader_path/Frameworks";
				PRODUCT_BUNDLE_IDENTIFIER = "com.foxgamestudio.Acorn-ItUITests";
				PRODUCT_NAME = "$(TARGET_NAME)";
				SWIFT_VERSION = 3.0;
				TEST_TARGET_NAME = "Acorn It";
			};
			name = Debug;
		};
		6AA54BC21E3D596400E53CA2 /* Release */ = {
			isa = XCBuildConfiguration;
			buildSettings = {
				ALWAYS_EMBED_SWIFT_STANDARD_LIBRARIES = YES;
				DEVELOPMENT_TEAM = DGH5JX25RJ;
				INFOPLIST_FILE = "Acorn ItUITests/Info.plist";
				LD_RUNPATH_SEARCH_PATHS = "$(inherited) @executable_path/Frameworks @loader_path/Frameworks";
				PRODUCT_BUNDLE_IDENTIFIER = "com.foxgamestudio.Acorn-ItUITests";
				PRODUCT_NAME = "$(TARGET_NAME)";
				SWIFT_VERSION = 3.0;
				TEST_TARGET_NAME = "Acorn It";
			};
			name = Release;
		};
/* End XCBuildConfiguration section */

/* Begin XCConfigurationList section */
		6AA54B871E3D596300E53CA2 /* Build configuration list for PBXProject "Acorn It" */ = {
			isa = XCConfigurationList;
			buildConfigurations = (
				6AA54BB81E3D596400E53CA2 /* Debug */,
				6AA54BB91E3D596400E53CA2 /* Release */,
			);
			defaultConfigurationIsVisible = 0;
			defaultConfigurationName = Release;
		};
		6AA54BBA1E3D596400E53CA2 /* Build configuration list for PBXNativeTarget "Acorn It" */ = {
			isa = XCConfigurationList;
			buildConfigurations = (
				6AA54BBB1E3D596400E53CA2 /* Debug */,
				6AA54BBC1E3D596400E53CA2 /* Release */,
			);
			defaultConfigurationIsVisible = 0;
			defaultConfigurationName = Release;
		};
		6AA54BBD1E3D596400E53CA2 /* Build configuration list for PBXNativeTarget "Acorn ItTests" */ = {
			isa = XCConfigurationList;
			buildConfigurations = (
				6AA54BBE1E3D596400E53CA2 /* Debug */,
				6AA54BBF1E3D596400E53CA2 /* Release */,
			);
			defaultConfigurationIsVisible = 0;
			defaultConfigurationName = Release;
		};
		6AA54BC01E3D596400E53CA2 /* Build configuration list for PBXNativeTarget "Acorn ItUITests" */ = {
			isa = XCConfigurationList;
			buildConfigurations = (
				6AA54BC11E3D596400E53CA2 /* Debug */,
				6AA54BC21E3D596400E53CA2 /* Release */,
			);
			defaultConfigurationIsVisible = 0;
			defaultConfigurationName = Release;
		};
/* End XCConfigurationList section */
	};
	rootObject = 6AA54B841E3D596300E53CA2 /* Project object */;
}
